
Microsoft Visual Studio Solution File, Format Version 12.00
# Visual Studio Version 17
VisualStudioVersion = 17.0.32014.148
MinimumVisualStudioVersion = 10.0.40219.1
Project("{9A19103F-16F7-4668-BE54-9A1E7A4F7556}") = "EventApiAssignment", "EventApiAssignment.csproj", "{258864F2-D05C-40A7-9221-5CA7D0506B2D}"
EndProject
Project("{FAE04EC0-301F-11D3-BF4B-00C04F79EFBC}") = "EventApiAssignment.Test", "..\EventApiAssignment.Test\EventApiAssignment.Test.csproj", "{3BD6385E-4FE2-4BF1-9300-141A3D9B78F1}"
EndProject
Global
	GlobalSection(SolutionConfigurationPlatforms) = preSolution
		Debug|Any CPU = Debug|Any CPU
		Release|Any CPU = Release|Any CPU
	EndGlobalSection
	GlobalSection(ProjectConfigurationPlatforms) = postSolution
		{258864F2-D05C-40A7-9221-5CA7D0506B2D}.Debug|Any CPU.ActiveCfg = Debug|Any CPU
		{258864F2-D05C-40A7-9221-5CA7D0506B2D}.Debug|Any CPU.Build.0 = Debug|Any CPU
		{258864F2-D05C-40A7-9221-5CA7D0506B2D}.Release|Any CPU.ActiveCfg = Release|Any CPU
		{258864F2-D05C-40A7-9221-5CA7D0506B2D}.Release|Any CPU.Build.0 = Release|Any CPU
		{3BD6385E-4FE2-4BF1-9300-141A3D9B78F1}.Debug|Any CPU.ActiveCfg = Debug|Any CPU
		{3BD6385E-4FE2-4BF1-9300-141A3D9B78F1}.Debug|Any CPU.Build.0 = Debug|Any CPU
		{3BD6385E-4FE2-4BF1-9300-141A3D9B78F1}.Release|Any CPU.ActiveCfg = Release|Any CPU
		{3BD6385E-4FE2-4BF1-9300-141A3D9B78F1}.Release|Any CPU.Build.0 = Release|Any CPU
	EndGlobalSection
	GlobalSection(SolutionProperties) = preSolution
		HideSolutionNode = FALSE
	EndGlobalSection
	GlobalSection(ExtensibilityGlobals) = postSolution
		SolutionGuid = {2DDEC522-82FB-4CC9-8086-E4596D4EB6B0}
	EndGlobalSection
EndGlobal
